
Microsoft Visual Studio Solution File, Format Version 12.00
# Visual Studio Version 16
VisualStudioVersion = 16.0.31911.196
MinimumVisualStudioVersion = 10.0.40219.1
Project("{E24C65DC-7377-472B-9ABA-BC803B73C61A}") = "da-assignment1", "da-assignment1\", "{21DE5961-5338-4A73-BD00-2750AE2F2425}"
	ProjectSection(WebsiteProperties) = preProject
		TargetFrameworkMoniker = ".NETFramework,Version%3Dv4.7.2"
		Debug.AspNetCompiler.VirtualPath = "/localhost_62971"
		Debug.AspNetCompiler.PhysicalPath = "da-assignment1\"
		Debug.AspNetCompiler.TargetPath = "PrecompiledWeb\localhost_62971\"
		Debug.AspNetCompiler.Updateable = "true"
		Debug.AspNetCompiler.ForceOverwrite = "true"
		Debug.AspNetCompiler.FixedNames = "false"
		Debug.AspNetCompiler.Debug = "True"
		Release.AspNetCompiler.VirtualPath = "/localhost_62971"
		Release.AspNetCompiler.PhysicalPath = "da-assignment1\"
		Release.AspNetCompiler.TargetPath = "PrecompiledWeb\localhost_62971\"
		Release.AspNetCompiler.Updateable = "true"
		Release.AspNetCompiler.ForceOverwrite = "true"
		Release.AspNetCompiler.FixedNames = "false"
		Release.AspNetCompiler.Debug = "False"
		VWDPort = "62971"
		SlnRelativePath = "da-assignment1\"
		DefaultWebSiteLanguage = "Visual C#"
	EndProjectSection
EndProject
Global
	GlobalSection(SolutionConfigurationPlatforms) = preSolution
		Debug|Any CPU = Debug|Any CPU
	EndGlobalSection
	GlobalSection(ProjectConfigurationPlatforms) = postSolution
		{21DE5961-5338-4A73-BD00-2750AE2F2425}.Debug|Any CPU.ActiveCfg = Debug|Any CPU
		{21DE5961-5338-4A73-BD00-2750AE2F2425}.Debug|Any CPU.Build.0 = Debug|Any CPU
	EndGlobalSection
	GlobalSection(SolutionProperties) = preSolution
		HideSolutionNode = FALSE
	EndGlobalSection
	GlobalSection(ExtensibilityGlobals) = postSolution
		SolutionGuid = {61F8C19B-D96D-4EA0-A7A2-CA4A07E6A74A}
	EndGlobalSection
EndGlobal
